
Microsoft Visual Studio Solution File, Format Version 12.00
# Visual Studio Version 16
VisualStudioVersion = 16.0.30225.117
MinimumVisualStudioVersion = 10.0.40219.1
Project("{FAE04EC0-301F-11D3-BF4B-00C04F79EFBC}") = "Html2PdfApi", "Html2PdfApi\Html2PdfApi.csproj", "{D45CEB69-116D-4CA6-9627-D5CDDABE6ADF}"
EndProject
Global
	GlobalSection(SolutionConfigurationPlatforms) = preSolution
		Debug|Any CPU = Debug|Any CPU
		Release|Any CPU = Release|Any CPU
	EndGlobalSection
	GlobalSection(ProjectConfigurationPlatforms) = postSolution
		{D45CEB69-116D-4CA6-9627-D5CDDABE6ADF}.Debug|Any CPU.ActiveCfg = Debug|Any CPU
		{D45CEB69-116D-4CA6-9627-D5CDDABE6ADF}.Debug|Any CPU.Build.0 = Debug|Any CPU
		{D45CEB69-116D-4CA6-9627-D5CDDABE6ADF}.Release|Any CPU.ActiveCfg = Release|Any CPU
		{D45CEB69-116D-4CA6-9627-D5CDDABE6ADF}.Release|Any CPU.Build.0 = Release|Any CPU
	EndGlobalSection
	GlobalSection(SolutionProperties) = preSolution
		HideSolutionNode = FALSE
	EndGlobalSection
	GlobalSection(ExtensibilityGlobals) = postSolution
		SolutionGuid = {AA9BAB1F-B219-4077-AF70-A191FA95CE9C}
	EndGlobalSection
EndGlobal
